// !$*UTF8*$!
{
	archiveVersion = 1;
	classes = {
	};
	objectVersion = 55;
	objects = {

/* Begin PBXBuildFile section */
		995BAFE72838DCBA001ABBCA /* AppDelegate.swift in Sources */ = {isa = PBXBuildFile; fileRef = 995BAFE62838DCBA001ABBCA /* AppDelegate.swift */; };
		995BAFE92838DCBA001ABBCA /* SceneDelegate.swift in Sources */ = {isa = PBXBuildFile; fileRef = 995BAFE82838DCBA001ABBCA /* SceneDelegate.swift */; };
		995BAFEB2838DCBA001ABBCA /* ViewController.swift in Sources */ = {isa = PBXBuildFile; fileRef = 995BAFEA2838DCBA001ABBCA /* ViewController.swift */; };
		995BAFEE2838DCBA001ABBCA /* Main.storyboard in Resources */ = {isa = PBXBuildFile; fileRef = 995BAFEC2838DCBA001ABBCA /* Main.storyboard */; };
		995BAFF02838DCBE001ABBCA /* Assets.xcassets in Resources */ = {isa = PBXBuildFile; fileRef = 995BAFEF2838DCBE001ABBCA /* Assets.xcassets */; };
		995BAFF32838DCBE001ABBCA /* LaunchScreen.storyboard in Resources */ = {isa = PBXBuildFile; fileRef = 995BAFF12838DCBE001ABBCA /* LaunchScreen.storyboard */; };
		995BB0082838DCBE001ABBCA /* LightGameUITests.swift in Sources */ = {isa = PBXBuildFile; fileRef = 995BB0072838DCBE001ABBCA /* LightGameUITests.swift */; };
		995BB00A2838DCBE001ABBCA /* LightGameUITestsLaunchTests.swift in Sources */ = {isa = PBXBuildFile; fileRef = 995BB0092838DCBE001ABBCA /* LightGameUITestsLaunchTests.swift */; };
		995BB0192839A5B1001ABBCA /* lightGameTests.swift in Sources */ = {isa = PBXBuildFile; fileRef = 995BB0182839A5B1001ABBCA /* lightGameTests.swift */; };
/* End PBXBuildFile section */

/* Begin PBXContainerItemProxy section */
		995BAFFA2838DCBE001ABBCA /* PBXContainerItemProxy */ = {
			isa = PBXContainerItemProxy;
			containerPortal = 995BAFDB2838DCBA001ABBCA /* Project object */;
			proxyType = 1;
			remoteGlobalIDString = 995BAFE22838DCBA001ABBCA;
			remoteInfo = LightGame;
		};
		995BB0042838DCBE001ABBCA /* PBXContainerItemProxy */ = {
			isa = PBXContainerItemProxy;
			containerPortal = 995BAFDB2838DCBA001ABBCA /* Project object */;
			proxyType = 1;
			remoteGlobalIDString = 995BAFE22838DCBA001ABBCA;
			remoteInfo = LightGame;
		};
/* End PBXContainerItemProxy section */

/* Begin PBXFileReference section */
		995BAFE32838DCBA001ABBCA /* LightGame.app */ = {isa = PBXFileReference; explicitFileType = wrapper.application; includeInIndex = 0; path = LightGame.app; sourceTree = BUILT_PRODUCTS_DIR; };
		995BAFE62838DCBA001ABBCA /* AppDelegate.swift */ = {isa = PBXFileReference; lastKnownFileType = sourcecode.swift; path = AppDelegate.swift; sourceTree = "<group>"; };
		995BAFE82838DCBA001ABBCA /* SceneDelegate.swift */ = {isa = PBXFileReference; lastKnownFileType = sourcecode.swift; path = SceneDelegate.swift; sourceTree = "<group>"; };
		995BAFEA2838DCBA001ABBCA /* ViewController.swift */ = {isa = PBXFileReference; lastKnownFileType = sourcecode.swift; path = ViewController.swift; sourceTree = "<group>"; };
		995BAFED2838DCBA001ABBCA /* Base */ = {isa = PBXFileReference; lastKnownFileType = file.storyboard; name = Base; path = Base.lproj/Main.storyboard; sourceTree = "<group>"; };
		995BAFEF2838DCBE001ABBCA /* Assets.xcassets */ = {isa = PBXFileReference; lastKnownFileType = folder.assetcatalog; path = Assets.xcassets; sourceTree = "<group>"; };
		995BAFF22838DCBE001ABBCA /* Base */ = {isa = PBXFileReference; lastKnownFileType = file.storyboard; name = Base; path = Base.lproj/LaunchScreen.storyboard; sourceTree = "<group>"; };
		995BAFF42838DCBE001ABBCA /* Info.plist */ = {isa = PBXFileReference; lastKnownFileType = text.plist.xml; path = Info.plist; sourceTree = "<group>"; };
		995BAFF92838DCBE001ABBCA /* LightGameTests.xctest */ = {isa = PBXFileReference; explicitFileType = wrapper.cfbundle; includeInIndex = 0; path = LightGameTests.xctest; sourceTree = BUILT_PRODUCTS_DIR; };
		995BB0032838DCBE001ABBCA /* LightGameUITests.xctest */ = {isa = PBXFileReference; explicitFileType = wrapper.cfbundle; includeInIndex = 0; path = LightGameUITests.xctest; sourceTree = BUILT_PRODUCTS_DIR; };
		995BB0072838DCBE001ABBCA /* LightGameUITests.swift */ = {isa = PBXFileReference; lastKnownFileType = sourcecode.swift; path = LightGameUITests.swift; sourceTree = "<group>"; };
		995BB0092838DCBE001ABBCA /* LightGameUITestsLaunchTests.swift */ = {isa = PBXFileReference; lastKnownFileType = sourcecode.swift; path = LightGameUITestsLaunchTests.swift; sourceTree = "<group>"; };
		995BB0182839A5B1001ABBCA /* lightGameTests.swift */ = {isa = PBXFileReference; lastKnownFileType = sourcecode.swift; path = lightGameTests.swift; sourceTree = "<group>"; };
/* End PBXFileReference section */

/* Begin PBXFrameworksBuildPhase section */
		995BAFE02838DCBA001ABBCA /* Frameworks */ = {
			isa = PBXFrameworksBuildPhase;
			buildActionMask = 2147483647;
			files = (
			);
			runOnlyForDeploymentPostprocessing = 0;
		};
		995BAFF62838DCBE001ABBCA /* Frameworks */ = {
			isa = PBXFrameworksBuildPhase;
			buildActionMask = 2147483647;
			files = (
			);
			runOnlyForDeploymentPostprocessing = 0;
		};
		995BB0002838DCBE001ABBCA /* Frameworks */ = {
			isa = PBXFrameworksBuildPhase;
			buildActionMask = 2147483647;
			files = (
			);
			runOnlyForDeploymentPostprocessing = 0;
		};
/* End PBXFrameworksBuildPhase section */

/* Begin PBXGroup section */
		995BAFDA2838DCBA001ABBCA = {
			isa = PBXGroup;
			children = (
				995BAFE52838DCBA001ABBCA /* LightGame */,
				995BAFFC2838DCBE001ABBCA /* LightGameTests */,
				995BB0062838DCBE001ABBCA /* LightGameUITests */,
				995BAFE42838DCBA001ABBCA /* Products */,
			);
			sourceTree = "<group>";
		};
		995BAFE42838DCBA001ABBCA /* Products */ = {
			isa = PBXGroup;
			children = (
				995BAFE32838DCBA001ABBCA /* LightGame.app */,
				995BAFF92838DCBE001ABBCA /* LightGameTests.xctest */,
				995BB0032838DCBE001ABBCA /* LightGameUITests.xctest */,
			);
			name = Products;
			sourceTree = "<group>";
		};
		995BAFE52838DCBA001ABBCA /* LightGame */ = {
			isa = PBXGroup;
			children = (
				995BAFE62838DCBA001ABBCA /* AppDelegate.swift */,
				995BAFE82838DCBA001ABBCA /* SceneDelegate.swift */,
				995BAFEA2838DCBA001ABBCA /* ViewController.swift */,
				995BAFEC2838DCBA001ABBCA /* Main.storyboard */,
				995BAFEF2838DCBE001ABBCA /* Assets.xcassets */,
				995BAFF12838DCBE001ABBCA /* LaunchScreen.storyboard */,
				995BAFF42838DCBE001ABBCA /* Info.plist */,
			);
			path = LightGame;
			sourceTree = "<group>";
		};
		995BAFFC2838DCBE001ABBCA /* LightGameTests */ = {
			isa = PBXGroup;
			children = (
				995BB0182839A5B1001ABBCA /* lightGameTests.swift */,
			);
			path = LightGameTests;
			sourceTree = "<group>";
		};
		995BB0062838DCBE001ABBCA /* LightGameUITests */ = {
			isa = PBXGroup;
			children = (
				995BB0072838DCBE001ABBCA /* LightGameUITests.swift */,
				995BB0092838DCBE001ABBCA /* LightGameUITestsLaunchTests.swift */,
			);
			path = LightGameUITests;
			sourceTree = "<group>";
		};
/* End PBXGroup section */

/* Begin PBXNativeTarget section */
		995BAFE22838DCBA001ABBCA /* LightGame */ = {
			isa = PBXNativeTarget;
			buildConfigurationList = 995BB00D2838DCBE001ABBCA /* Build configuration list for PBXNativeTarget "LightGame" */;
			buildPhases = (
				995BAFDF2838DCBA001ABBCA /* Sources */,
				995BAFE02838DCBA001ABBCA /* Frameworks */,
				995BAFE12838DCBA001ABBCA /* Resources */,
			);
			buildRules = (
			);
			dependencies = (
			);
			name = LightGame;
			productName = LightGame;
			productReference = 995BAFE32838DCBA001ABBCA /* LightGame.app */;
			productType = "com.apple.product-type.application";
		};
		995BAFF82838DCBE001ABBCA /* LightGameTests */ = {
			isa = PBXNativeTarget;
			buildConfigurationList = 995BB0102838DCBE001ABBCA /* Build configuration list for PBXNativeTarget "LightGameTests" */;
			buildPhases = (
				995BAFF52838DCBE001ABBCA /* Sources */,
				995BAFF62838DCBE001ABBCA /* Frameworks */,
				995BAFF72838DCBE001ABBCA /* Resources */,
			);
			buildRules = (
			);
			dependencies = (
				995BAFFB2838DCBE001ABBCA /* PBXTargetDependency */,
			);
			name = LightGameTests;
			productName = LightGameTests;
			productReference = 995BAFF92838DCBE001ABBCA /* LightGameTests.xctest */;
			productType = "com.apple.product-type.bundle.unit-test";
		};
		995BB0022838DCBE001ABBCA /* LightGameUITests */ = {
			isa = PBXNativeTarget;
			buildConfigurationList = 995BB0132838DCBE001ABBCA /* Build configuration list for PBXNativeTarget "LightGameUITests" */;
			buildPhases = (
				995BAFFF2838DCBE001ABBCA /* Sources */,
				995BB0002838DCBE001ABBCA /* Frameworks */,
				995BB0012838DCBE001ABBCA /* Resources */,
			);
			buildRules = (
			);
			dependencies = (
				995BB0052838DCBE001ABBCA /* PBXTargetDependency */,
			);
			name = LightGameUITests;
			productName = LightGameUITests;
			productReference = 995BB0032838DCBE001ABBCA /* LightGameUITests.xctest */;
			productType = "com.apple.product-type.bundle.ui-testing";
		};
/* End PBXNativeTarget section */

/* Begin PBXProject section */
		995BAFDB2838DCBA001ABBCA /* Project object */ = {
			isa = PBXProject;
			attributes = {
				BuildIndependentTargetsInParallel = 1;
				LastSwiftUpdateCheck = 1330;
				LastUpgradeCheck = 1330;
				TargetAttributes = {
					995BAFE22838DCBA001ABBCA = {
						CreatedOnToolsVersion = 13.3;
					};
					995BAFF82838DCBE001ABBCA = {
						CreatedOnToolsVersion = 13.3;
						TestTargetID = 995BAFE22838DCBA001ABBCA;
					};
					995BB0022838DCBE001ABBCA = {
						CreatedOnToolsVersion = 13.3;
						TestTargetID = 995BAFE22838DCBA001ABBCA;
					};
				};
			};
			buildConfigurationList = 995BAFDE2838DCBA001ABBCA /* Build configuration list for PBXProject "LightGame" */;
			compatibilityVersion = "Xcode 13.0";
			developmentRegion = en;
			hasScannedForEncodings = 0;
			knownRegions = (
				en,
				Base,
			);
			mainGroup = 995BAFDA2838DCBA001ABBCA;
			productRefGroup = 995BAFE42838DCBA001ABBCA /* Products */;
			projectDirPath = "";
			projectRoot = "";
			targets = (
				995BAFE22838DCBA001ABBCA /* LightGame */,
				995BAFF82838DCBE001ABBCA /* LightGameTests */,
				995BB0022838DCBE001ABBCA /* LightGameUITests */,
			);
		};
/* End PBXProject section */

/* Begin PBXResourcesBuildPhase section */
		995BAFE12838DCBA001ABBCA /* Resources */ = {
			isa = PBXResourcesBuildPhase;
			buildActionMask = 2147483647;
			files = (
				995BAFF32838DCBE001ABBCA /* LaunchScreen.storyboard in Resources */,
				995BAFF02838DCBE001ABBCA /* Assets.xcassets in Resources */,
				995BAFEE2838DCBA001ABBCA /* Main.storyboard in Resources */,
			);
			runOnlyForDeploymentPostprocessing = 0;
		};
		995BAFF72838DCBE001ABBCA /* Resources */ = {
			isa = PBXResourcesBuildPhase;
			buildActionMask = 2147483647;
			files = (
			);
			runOnlyForDeploymentPostprocessing = 0;
		};
		995BB0012838DCBE001ABBCA /* Resources */ = {
			isa = PBXResourcesBuildPhase;
			buildActionMask = 2147483647;
			files = (
			);
			runOnlyForDeploymentPostprocessing = 0;
		};
/* End PBXResourcesBuildPhase section */

/* Begin PBXSourcesBuildPhase section */
		995BAFDF2838DCBA001ABBCA /* Sources */ = {
			isa = PBXSourcesBuildPhase;
			buildActionMask = 2147483647;
			files = (
				995BAFEB2838DCBA001ABBCA /* ViewController.swift in Sources */,
				995BAFE72838DCBA001ABBCA /* AppDelegate.swift in Sources */,
				995BAFE92838DCBA001ABBCA /* SceneDelegate.swift in Sources */,
			);
			runOnlyForDeploymentPostprocessing = 0;
		};
		995BAFF52838DCBE001ABBCA /* Sources */ = {
			isa = PBXSourcesBuildPhase;
			buildActionMask = 2147483647;
			files = (
				995BB0192839A5B1001ABBCA /* lightGameTests.swift in Sources */,
			);
			runOnlyForDeploymentPostprocessing = 0;
		};
		995BAFFF2838DCBE001ABBCA /* Sources */ = {
			isa = PBXSourcesBuildPhase;
			buildActionMask = 2147483647;
			files = (
				995BB0082838DCBE001ABBCA /* LightGameUITests.swift in Sources */,
				995BB00A2838DCBE001ABBCA /* LightGameUITestsLaunchTests.swift in Sources */,
			);
			runOnlyForDeploymentPostprocessing = 0;
		};
/* End PBXSourcesBuildPhase section */

/* Begin PBXTargetDependency section */
		995BAFFB2838DCBE001ABBCA /* PBXTargetDependency */ = {
			isa = PBXTargetDependency;
			target = 995BAFE22838DCBA001ABBCA /* LightGame */;
			targetProxy = 995BAFFA2838DCBE001ABBCA /* PBXContainerItemProxy */;
		};
		995BB0052838DCBE001ABBCA /* PBXTargetDependency */ = {
			isa = PBXTargetDependency;
			target = 995BAFE22838DCBA001ABBCA /* LightGame */;
			targetProxy = 995BB0042838DCBE001ABBCA /* PBXContainerItemProxy */;
		};
/* End PBXTargetDependency section */

/* Begin PBXVariantGroup section */
		995BAFEC2838DCBA001ABBCA /* Main.storyboard */ = {
			isa = PBXVariantGroup;
			children = (
				995BAFED2838DCBA001ABBCA /* Base */,
			);
			name = Main.storyboard;
			sourceTree = "<group>";
		};
		995BAFF12838DCBE001ABBCA /* LaunchScreen.storyboard */ = {
			isa = PBXVariantGroup;
			children = (
				995BAFF22838DCBE001ABBCA /* Base */,
			);
			name = LaunchScreen.storyboard;
			sourceTree = "<group>";
		};
/* End PBXVariantGroup section */

/* Begin XCBuildConfiguration section */
		995BB00B2838DCBE001ABBCA /* Debug */ = {
			isa = XCBuildConfiguration;
			buildSettings = {
				ALWAYS_SEARCH_USER_PATHS = NO;
				CLANG_ANALYZER_NONNULL = YES;
				CLANG_ANALYZER_NUMBER_OBJECT_CONVERSION = YES_AGGRESSIVE;
				CLANG_CXX_LANGUAGE_STANDARD = "gnu++17";
				CLANG_ENABLE_MODULES = YES;
				CLANG_ENABLE_OBJC_ARC = YES;
				CLANG_ENABLE_OBJC_WEAK = YES;
				CLANG_WARN_BLOCK_CAPTURE_AUTORELEASING = YES;
				CLANG_WARN_BOOL_CONVERSION = YES;
				CLANG_WARN_COMMA = YES;
				CLANG_WARN_CONSTANT_CONVERSION = YES;
				CLANG_WARN_DEPRECATED_OBJC_IMPLEMENTATIONS = YES;
				CLANG_WARN_DIRECT_OBJC_ISA_USAGE = YES_ERROR;
				CLANG_WARN_DOCUMENTATION_COMMENTS = YES;
				CLANG_WARN_EMPTY_BODY = YES;
				CLANG_WARN_ENUM_CONVERSION = YES;
				CLANG_WARN_INFINITE_RECURSION = YES;
				CLANG_WARN_INT_CONVERSION = YES;
				CLANG_WARN_NON_LITERAL_NULL_CONVERSION = YES;
				CLANG_WARN_OBJC_IMPLICIT_RETAIN_SELF = YES;
				CLANG_WARN_OBJC_LITERAL_CONVERSION = YES;
				CLANG_WARN_OBJC_ROOT_CLASS = YES_ERROR;
				CLANG_WARN_QUOTED_INCLUDE_IN_FRAMEWORK_HEADER = YES;
				CLANG_WARN_RANGE_LOOP_ANALYSIS = YES;
				CLANG_WARN_STRICT_PROTOTYPES = YES;
				CLANG_WARN_SUSPICIOUS_MOVE = YES;
				CLANG_WARN_UNGUARDED_AVAILABILITY = YES_AGGRESSIVE;
				CLANG_WARN_UNREACHABLE_CODE = YES;
				CLANG_WARN__DUPLICATE_METHOD_MATCH = YES;
				COPY_PHASE_STRIP = NO;
				DEBUG_INFORMATION_FORMAT = dwarf;
				ENABLE_STRICT_OBJC_MSGSEND = YES;
				ENABLE_TESTABILITY = YES;
				GCC_C_LANGUAGE_STANDARD = gnu11;
				GCC_DYNAMIC_NO_PIC = NO;
				GCC_NO_COMMON_BLOCKS = YES;
				GCC_OPTIMIZATION_LEVEL = 0;
				GCC_PREPROCESSOR_DEFINITIONS = (
					"DEBUG=1",
					"$(inherited)",
				);
				GCC_WARN_64_TO_32_BIT_CONVERSION = YES;
				GCC_WARN_ABOUT_RETURN_TYPE = YES_ERROR;
				GCC_WARN_UNDECLARED_SELECTOR = YES;
				GCC_WARN_UNINITIALIZED_AUTOS = YES_AGGRESSIVE;
				GCC_WARN_UNUSED_FUNCTION = YES;
				GCC_WARN_UNUSED_VARIABLE = YES;
				IPHONEOS_DEPLOYMENT_TARGET = 15.4;
				MTL_ENABLE_DEBUG_INFO = INCLUDE_SOURCE;
				MTL_FAST_MATH = YES;
				ONLY_ACTIVE_ARCH = YES;
				SDKROOT = iphoneos;
				SWIFT_ACTIVE_COMPILATION_CONDITIONS = DEBUG;
				SWIFT_OPTIMIZATION_LEVEL = "-Onone";
			};
			name = Debug;
		};
		995BB00C2838DCBE001ABBCA /* Release */ = {
			isa = XCBuildConfiguration;
			buildSettings = {
				ALWAYS_SEARCH_USER_PATHS = NO;
				CLANG_ANALYZER_NONNULL = YES;
				CLANG_ANALYZER_NUMBER_OBJECT_CONVERSION = YES_AGGRESSIVE;
				CLANG_CXX_LANGUAGE_STANDARD = "gnu++17";
				CLANG_ENABLE_MODULES = YES;
				CLANG_ENABLE_OBJC_ARC = YES;
				CLANG_ENABLE_OBJC_WEAK = YES;
				CLANG_WARN_BLOCK_CAPTURE_AUTORELEASING = YES;
				CLANG_WARN_BOOL_CONVERSION = YES;
				CLANG_WARN_COMMA = YES;
				CLANG_WARN_CONSTANT_CONVERSION = YES;
				CLANG_WARN_DEPRECATED_OBJC_IMPLEMENTATIONS = YES;
				CLANG_WARN_DIRECT_OBJC_ISA_USAGE = YES_ERROR;
				CLANG_WARN_DOCUMENTATION_COMMENTS = YES;
				CLANG_WARN_EMPTY_BODY = YES;
				CLANG_WARN_ENUM_CONVERSION = YES;
				CLANG_WARN_INFINITE_RECURSION = YES;
				CLANG_WARN_INT_CONVERSION = YES;
				CLANG_WARN_NON_LITERAL_NULL_CONVERSION = YES;
				CLANG_WARN_OBJC_IMPLICIT_RETAIN_SELF = YES;
				CLANG_WARN_OBJC_LITERAL_CONVERSION = YES;
				CLANG_WARN_OBJC_ROOT_CLASS = YES_ERROR;
				CLANG_WARN_QUOTED_INCLUDE_IN_FRAMEWORK_HEADER = YES;
				CLANG_WARN_RANGE_LOOP_ANALYSIS = YES;
				CLANG_WARN_STRICT_PROTOTYPES = YES;
				CLANG_WARN_SUSPICIOUS_MOVE = YES;
				CLANG_WARN_UNGUARDED_AVAILABILITY = YES_AGGRESSIVE;
				CLANG_WARN_UNREACHABLE_CODE = YES;
				CLANG_WARN__DUPLICATE_METHOD_MATCH = YES;
				COPY_PHASE_STRIP = NO;
				DEBUG_INFORMATION_FORMAT = "dwarf-with-dsym";
				ENABLE_NS_ASSERTIONS = NO;
				ENABLE_STRICT_OBJC_MSGSEND = YES;
				GCC_C_LANGUAGE_STANDARD = gnu11;
				GCC_NO_COMMON_BLOCKS = YES;
				GCC_WARN_64_TO_32_BIT_CONVERSION = YES;
				GCC_WARN_ABOUT_RETURN_TYPE = YES_ERROR;
				GCC_WARN_UNDECLARED_SELECTOR = YES;
				GCC_WARN_UNINITIALIZED_AUTOS = YES_AGGRESSIVE;
				GCC_WARN_UNUSED_FUNCTION = YES;
				GCC_WARN_UNUSED_VARIABLE = YES;
				IPHONEOS_DEPLOYMENT_TARGET = 15.4;
				MTL_ENABLE_DEBUG_INFO = NO;
				MTL_FAST_MATH = YES;
				SDKROOT = iphoneos;
				SWIFT_COMPILATION_MODE = wholemodule;
				SWIFT_OPTIMIZATION_LEVEL = "-O";
				VALIDATE_PRODUCT = YES;
			};
			name = Release;
		};
		995BB00E2838DCBE001ABBCA /* Debug */ = {
			isa = XCBuildConfiguration;
			buildSettings = {
				ASSETCATALOG_COMPILER_APPICON_NAME = AppIcon;
				ASSETCATALOG_COMPILER_GLOBAL_ACCENT_COLOR_NAME = AccentColor;
				CODE_SIGN_STYLE = Automatic;
				CURRENT_PROJECT_VERSION = 1;
				DEVELOPMENT_TEAM = Z2U7934W7L;
				GENERATE_INFOPLIST_FILE = YES;
				INFOPLIST_FILE = LightGame/Info.plist;
				INFOPLIST_KEY_CFBundleDisplayName = "Light Game";
				INFOPLIST_KEY_UIApplicationSupportsIndirectInputEvents = YES;
				INFOPLIST_KEY_UILaunchStoryboardName = LaunchScreen;
				INFOPLIST_KEY_UIMainStoryboardFile = Main;
				INFOPLIST_KEY_UISupportedInterfaceOrientations_iPad = "UIInterfaceOrientationPortrait UIInterfaceOrientationPortraitUpsideDown UIInterfaceOrientationLandscapeLeft UIInterfaceOrientationLandscapeRight";
				INFOPLIST_KEY_UISupportedInterfaceOrientations_iPhone = "UIInterfaceOrientationPortrait UIInterfaceOrientationLandscapeLeft UIInterfaceOrientationLandscapeRight";
				LD_RUNPATH_SEARCH_PATHS = (
					"$(inherited)",
					"@executable_path/Frameworks",
				);
				MARKETING_VERSION = 1.0;
				PRODUCT_BUNDLE_IDENTIFIER = com.LightGame;
				PRODUCT_NAME = "$(TARGET_NAME)";
				SWIFT_EMIT_LOC_STRINGS = YES;
				SWIFT_VERSION = 5.0;
				TARGETED_DEVICE_FAMILY = "1,2";
			};
			name = Debug;
		};
		995BB00F2838DCBE001ABBCA /* Release */ = {
			isa = XCBuildConfiguration;
			buildSettings = {
				ASSETCATALOG_COMPILER_APPICON_NAME = AppIcon;
				ASSETCATALOG_COMPILER_GLOBAL_ACCENT_COLOR_NAME = AccentColor;
				CODE_SIGN_STYLE = Automatic;
				CURRENT_PROJECT_VERSION = 1;
				DEVELOPMENT_TEAM = Z2U7934W7L;
				GENERATE_INFOPLIST_FILE = YES;
				INFOPLIST_FILE = LightGame/Info.plist;
				INFOPLIST_KEY_CFBundleDisplayName = "Light Game";
				INFOPLIST_KEY_UIApplicationSupportsIndirectInputEvents = YES;
				INFOPLIST_KEY_UILaunchStoryboardName = LaunchScreen;
				INFOPLIST_KEY_UIMainStoryboardFile = Main;
				INFOPLIST_KEY_UISupportedInterfaceOrientations_iPad = "UIInterfaceOrientationPortrait UIInterfaceOrientationPortraitUpsideDown UIInterfaceOrientationLandscapeLeft UIInterfaceOrientationLandscapeRight";
				INFOPLIST_KEY_UISupportedInterfaceOrientations_iPhone = "UIInterfaceOrientationPortrait UIInterfaceOrientationLandscapeLeft UIInterfaceOrientationLandscapeRight";
				LD_RUNPATH_SEARCH_PATHS = (
					"$(inherited)",
					"@executable_path/Frameworks",
				);
				MARKETING_VERSION = 1.0;
				PRODUCT_BUNDLE_IDENTIFIER = com.LightGame;
				PRODUCT_NAME = "$(TARGET_NAME)";
				SWIFT_EMIT_LOC_STRINGS = YES;
				SWIFT_VERSION = 5.0;
				TARGETED_DEVICE_FAMILY = "1,2";
			};
			name = Release;
		};
		995BB0112838DCBE001ABBCA /* Debug */ = {
			isa = XCBuildConfiguration;
			buildSettings = {
				ALWAYS_EMBED_SWIFT_STANDARD_LIBRARIES = YES;
				BUNDLE_LOADER = "$(TEST_HOST)";
				CODE_SIGN_STYLE = Automatic;
				CURRENT_PROJECT_VERSION = 1;
				DEVELOPMENT_TEAM = Z2U7934W7L;
				GENERATE_INFOPLIST_FILE = YES;
				IPHONEOS_DEPLOYMENT_TARGET = 15.4;
				MARKETING_VERSION = 1.0;
				PRODUCT_BUNDLE_IDENTIFIER = com.LightGameTests;
				PRODUCT_NAME = "$(TARGET_NAME)";
				SWIFT_EMIT_LOC_STRINGS = NO;
				SWIFT_VERSION = 5.0;
				TARGETED_DEVICE_FAMILY = "1,2";
				TEST_HOST = "$(BUILT_PRODUCTS_DIR)/LightGame.app/LightGame";
			};
			name = Debug;
		};
		995BB0122838DCBE001ABBCA /* Release */ = {
			isa = XCBuildConfiguration;
			buildSettings = {
				ALWAYS_EMBED_SWIFT_STANDARD_LIBRARIES = YES;
				BUNDLE_LOADER = "$(TEST_HOST)";
				CODE_SIGN_STYLE = Automatic;
				CURRENT_PROJECT_VERSION = 1;
				DEVELOPMENT_TEAM = Z2U7934W7L;
				GENERATE_INFOPLIST_FILE = YES;
				IPHONEOS_DEPLOYMENT_TARGET = 15.4;
				MARKETING_VERSION = 1.0;
				PRODUCT_BUNDLE_IDENTIFIER = com.LightGameTests;
				PRODUCT_NAME = "$(TARGET_NAME)";
				SWIFT_EMIT_LOC_STRINGS = NO;
				SWIFT_VERSION = 5.0;
				TARGETED_DEVICE_FAMILY = "1,2";
				TEST_HOST = "$(BUILT_PRODUCTS_DIR)/LightGame.app/LightGame";
			};
			name = Release;
		};
		995BB0142838DCBE001ABBCA /* Debug */ = {
			isa = XCBuildConfiguration;
			buildSettings = {
				ALWAYS_EMBED_SWIFT_STANDARD_LIBRARIES = YES;
				CODE_SIGN_STYLE = Automatic;
				CURRENT_PROJECT_VERSION = 1;
				DEVELOPMENT_TEAM = Z2U7934W7L;
				GENERATE_INFOPLIST_FILE = YES;
				MARKETING_VERSION = 1.0;
				PRODUCT_BUNDLE_IDENTIFIER = com.LightGameUITests;
				PRODUCT_NAME = "$(TARGET_NAME)";
				SWIFT_EMIT_LOC_STRINGS = NO;
				SWIFT_VERSION = 5.0;
				TARGETED_DEVICE_FAMILY = "1,2";
				TEST_TARGET_NAME = LightGame;
			};
			name = Debug;
		};
		995BB0152838DCBE001ABBCA /* Release */ = {
			isa = XCBuildConfiguration;
			buildSettings = {
				ALWAYS_EMBED_SWIFT_STANDARD_LIBRARIES = YES;
				CODE_SIGN_STYLE = Automatic;
				CURRENT_PROJECT_VERSION = 1;
				DEVELOPMENT_TEAM = Z2U7934W7L;
				GENERATE_INFOPLIST_FILE = YES;
				MARKETING_VERSION = 1.0;
				PRODUCT_BUNDLE_IDENTIFIER = com.LightGameUITests;
				PRODUCT_NAME = "$(TARGET_NAME)";
				SWIFT_EMIT_LOC_STRINGS = NO;
				SWIFT_VERSION = 5.0;
				TARGETED_DEVICE_FAMILY = "1,2";
				TEST_TARGET_NAME = LightGame;
			};
			name = Release;
		};
/* End XCBuildConfiguration section */

/* Begin XCConfigurationList section */
		995BAFDE2838DCBA001ABBCA /* Build configuration list for PBXProject "LightGame" */ = {
			isa = XCConfigurationList;
			buildConfigurations = (
				995BB00B2838DCBE001ABBCA /* Debug */,
				995BB00C2838DCBE001ABBCA /* Release */,
			);
			defaultConfigurationIsVisible = 0;
			defaultConfigurationName = Release;
		};
		995BB00D2838DCBE001ABBCA /* Build configuration list for PBXNativeTarget "LightGame" */ = {
			isa = XCConfigurationList;
			buildConfigurations = (
				995BB00E2838DCBE001ABBCA /* Debug */,
				995BB00F2838DCBE001ABBCA /* Release */,
			);
			defaultConfigurationIsVisible = 0;
			defaultConfigurationName = Release;
		};
		995BB0102838DCBE001ABBCA /* Build configuration list for PBXNativeTarget "LightGameTests" */ = {
			isa = XCConfigurationList;
			buildConfigurations = (
				995BB0112838DCBE001ABBCA /* Debug */,
				995BB0122838DCBE001ABBCA /* Release */,
			);
			defaultConfigurationIsVisible = 0;
			defaultConfigurationName = Release;
		};
		995BB0132838DCBE001ABBCA /* Build configuration list for PBXNativeTarget "LightGameUITests" */ = {
			isa = XCConfigurationList;
			buildConfigurations = (
				995BB0142838DCBE001ABBCA /* Debug */,
				995BB0152838DCBE001ABBCA /* Release */,
			);
			defaultConfigurationIsVisible = 0;
			defaultConfigurationName = Release;
		};
/* End XCConfigurationList section */
	};
	rootObject = 995BAFDB2838DCBA001ABBCA /* Project object */;
}
